
Microsoft Visual Studio Solution File, Format Version 12.00
# Visual Studio Version 16
VisualStudioVersion = 16.0.32510.428
MinimumVisualStudioVersion = 10.0.40219.1
Project("{FAE04EC0-301F-11D3-BF4B-00C04F79EFBC}") = "UnitOfWorkRepositoryMVC", "UnitOfWorkRepositoryMVC\UnitOfWorkRepositoryMVC.csproj", "{BFBC646B-72AB-47A2-B340-0DD09255D49C}"
EndProject
Global
	GlobalSection(SolutionConfigurationPlatforms) = preSolution
		Debug|Any CPU = Debug|Any CPU
		Release|Any CPU = Release|Any CPU
	EndGlobalSection
	GlobalSection(ProjectConfigurationPlatforms) = postSolution
		{BFBC646B-72AB-47A2-B340-0DD09255D49C}.Debug|Any CPU.ActiveCfg = Debug|Any CPU
		{BFBC646B-72AB-47A2-B340-0DD09255D49C}.Debug|Any CPU.Build.0 = Debug|Any CPU
		{BFBC646B-72AB-47A2-B340-0DD09255D49C}.Release|Any CPU.ActiveCfg = Release|Any CPU
		{BFBC646B-72AB-47A2-B340-0DD09255D49C}.Release|Any CPU.Build.0 = Release|Any CPU
	EndGlobalSection
	GlobalSection(SolutionProperties) = preSolution
		HideSolutionNode = FALSE
	EndGlobalSection
	GlobalSection(ExtensibilityGlobals) = postSolution
		SolutionGuid = {ABEE7FEF-AC60-45BA-9CCA-66ACF7DEF62C}
	EndGlobalSection
EndGlobal
